
Microsoft Visual Studio Solution File, Format Version 12.00
# Visual Studio Version 16
VisualStudioVersion = 16.0.29905.134
MinimumVisualStudioVersion = 10.0.40219.1
Project("{9A19103F-16F7-4668-BE54-9A1E7A4F7556}") = "GeneralStore.Api", "GeneralStore.APi\GeneralStore.Api.csproj", "{FFF5E334-B0E4-4E07-9D5B-6A7AF4985CDC}"
EndProject
Project("{2150E333-8FDC-42A3-9474-1A3956D46DE8}") = "Solution Items", "Solution Items", "{DCC162B3-E4A9-4A65-A271-F9D49A87E262}"
	ProjectSection(SolutionItems) = preProject
		.editorconfig = .editorconfig
	EndProjectSection
EndProject
Project("{FAE04EC0-301F-11D3-BF4B-00C04F79EFBC}") = "GeneralStore.Tests", "GeneralStore.Tests\GeneralStore.Tests.csproj", "{0D2B8BCF-B63E-400F-BC32-AA24B680076C}"
EndProject
Project("{FAE04EC0-301F-11D3-BF4B-00C04F79EFBC}") = "GeneralStore.Frontend", "GeneralStore.Frontend\GeneralStore.Frontend.csproj", "{106D5868-4A04-48A7-8944-E13E157E420F}"
EndProject
Global
	GlobalSection(SolutionConfigurationPlatforms) = preSolution
		Debug|Any CPU = Debug|Any CPU
		Release|Any CPU = Release|Any CPU
	EndGlobalSection
	GlobalSection(ProjectConfigurationPlatforms) = postSolution
		{FFF5E334-B0E4-4E07-9D5B-6A7AF4985CDC}.Debug|Any CPU.ActiveCfg = Debug|Any CPU
		{FFF5E334-B0E4-4E07-9D5B-6A7AF4985CDC}.Debug|Any CPU.Build.0 = Debug|Any CPU
		{FFF5E334-B0E4-4E07-9D5B-6A7AF4985CDC}.Release|Any CPU.ActiveCfg = Release|Any CPU
		{FFF5E334-B0E4-4E07-9D5B-6A7AF4985CDC}.Release|Any CPU.Build.0 = Release|Any CPU
		{0D2B8BCF-B63E-400F-BC32-AA24B680076C}.Debug|Any CPU.ActiveCfg = Debug|Any CPU
		{0D2B8BCF-B63E-400F-BC32-AA24B680076C}.Debug|Any CPU.Build.0 = Debug|Any CPU
		{0D2B8BCF-B63E-400F-BC32-AA24B680076C}.Release|Any CPU.ActiveCfg = Release|Any CPU
		{0D2B8BCF-B63E-400F-BC32-AA24B680076C}.Release|Any CPU.Build.0 = Release|Any CPU
		{106D5868-4A04-48A7-8944-E13E157E420F}.Debug|Any CPU.ActiveCfg = Debug|Any CPU
		{106D5868-4A04-48A7-8944-E13E157E420F}.Debug|Any CPU.Build.0 = Debug|Any CPU
		{106D5868-4A04-48A7-8944-E13E157E420F}.Release|Any CPU.ActiveCfg = Release|Any CPU
		{106D5868-4A04-48A7-8944-E13E157E420F}.Release|Any CPU.Build.0 = Release|Any CPU
	EndGlobalSection
	GlobalSection(SolutionProperties) = preSolution
		HideSolutionNode = FALSE
	EndGlobalSection
	GlobalSection(ExtensibilityGlobals) = postSolution
		SolutionGuid = {FF17669D-400E-4613-B981-6E4FFE1DFD4C}
	EndGlobalSection
EndGlobal
